{
  "originHash" : "e9cec599b240645e2e0c715b9078a838527f3ae566beee16e44308d60db27c11",
  "pins" : [
    {
      "identity" : "webview-ios-sdk",
      "kind" : "remoteSourceControl",
      "location" : "https://github.com/ranjithreddy1412/WebView-iOS-SDK",
      "state" : {
        "revision" : "d80b736d8df010a1b265942f1d7fa8067e50ead9",
        "version" : "1.0.5"
      }
    }
  ],
  "version" : 3
}
