{
  "originHash" : "e9cec599b240645e2e0c715b9078a838527f3ae566beee16e44308d60db27c11",
  "pins" : [
    {
      "identity" : "webview-ios-sdk",
      "kind" : "remoteSourceControl",
      "location" : "https://github.com/ranjithreddy1412/WebView-iOS-SDK",
      "state" : {
        "revision" : "4437b11fe557fb75ffcc9ab4eb9a6865dcd7686b",
        "version" : "1.0.6"
      }
    }
  ],
  "version" : 3
}
